{
  "version": 4,
  "terraform_version": "1.6.4",
  "serial": 10,
  "lineage": "37477756-0d8f-ff88-b7f4-ad79cfef0592",
  "outputs": {},
  "resources": [
    {
      "mode": "managed",
      "type": "local_file",
      "name": "my_pet",
      "provider": "provider[\"registry.terraform.io/hashicorp/local\"]",
      "instances": [
        {
          "index_key": 0,
          "schema_version": 0,
          "attributes": {
            "content": "i hate cats",
            "content_base64": null,
            "content_base64sha256": "ArIzXRladMgp7fbXhPj8XsFtc8aBOaAlyD6v2ZBtGkU=",
            "content_base64sha512": "NqElRHS4mXrzftOUn+KZPLLtKjhhxO3snYXmEqCQmWk8l2pmZGTnk7lM3TEDEh2uxTJMnFuYUJH8zbG5cjlhjg==",
            "content_md5": "8480979ff55224b8afd9343674c37e51",
            "content_sha1": "0d58716987b213b3793460d6e4af1191a8078a3c",
            "content_sha256": "02b2335d195a74c829edf6d784f8fc5ec16d73c68139a025c83eafd9906d1a45",
            "content_sha512": "36a1254474b8997af37ed3949fe2993cb2ed2a3861c4edec9d85e612a09099693c976a666464e793b94cdd3103121daec5324c9c5b985091fccdb1b97239618e",
            "directory_permission": "0777",
            "file_permission": "0777",
            "filename": "dogs.txt",
            "id": "0d58716987b213b3793460d6e4af1191a8078a3c",
            "sensitive_content": null,
            "source": null
          },
          "sensitive_attributes": []
        },
        {
          "index_key": 1,
          "schema_version": 0,
          "attributes": {
            "content": "i hate cats",
            "content_base64": null,
            "content_base64sha256": "ArIzXRladMgp7fbXhPj8XsFtc8aBOaAlyD6v2ZBtGkU=",
            "content_base64sha512": "NqElRHS4mXrzftOUn+KZPLLtKjhhxO3snYXmEqCQmWk8l2pmZGTnk7lM3TEDEh2uxTJMnFuYUJH8zbG5cjlhjg==",
            "content_md5": "8480979ff55224b8afd9343674c37e51",
            "content_sha1": "0d58716987b213b3793460d6e4af1191a8078a3c",
            "content_sha256": "02b2335d195a74c829edf6d784f8fc5ec16d73c68139a025c83eafd9906d1a45",
            "content_sha512": "36a1254474b8997af37ed3949fe2993cb2ed2a3861c4edec9d85e612a09099693c976a666464e793b94cdd3103121daec5324c9c5b985091fccdb1b97239618e",
            "directory_permission": "0777",
            "file_permission": "0777",
            "filename": "hens.txt",
            "id": "0d58716987b213b3793460d6e4af1191a8078a3c",
            "sensitive_content": null,
            "source": null
          },
          "sensitive_attributes": []
        }
      ]
    }
  ],
  "check_results": null
}
